
Microsoft Visual Studio Solution File, Format Version 12.00
# Visual Studio Version 17
VisualStudioVersion = 17.6.33723.286
MinimumVisualStudioVersion = 10.0.40219.1
Project("{FAE04EC0-301F-11D3-BF4B-00C04F79EFBC}") = "MaxViewerPane", "MaxViewerPane.csproj", "{F5FCAAC8-C0CF-4CF2-B79C-C622014A2246}"
EndProject
Global
	GlobalSection(SolutionConfigurationPlatforms) = preSolution
		Debug|Any CPU = Debug|Any CPU
		Release|Any CPU = Release|Any CPU
	EndGlobalSection
	GlobalSection(ProjectConfigurationPlatforms) = postSolution
		{F5FCAAC8-C0CF-4CF2-B79C-C622014A2246}.Debug|Any CPU.ActiveCfg = Debug|Any CPU
		{F5FCAAC8-C0CF-4CF2-B79C-C622014A2246}.Debug|Any CPU.Build.0 = Debug|Any CPU
		{F5FCAAC8-C0CF-4CF2-B79C-C622014A2246}.Release|Any CPU.ActiveCfg = Release|Any CPU
		{F5FCAAC8-C0CF-4CF2-B79C-C622014A2246}.Release|Any CPU.Build.0 = Release|Any CPU
	EndGlobalSection
	GlobalSection(SolutionProperties) = preSolution
		HideSolutionNode = FALSE
	EndGlobalSection
	GlobalSection(ExtensibilityGlobals) = postSolution
		SolutionGuid = {007B404E-6CCB-44A6-8520-9173F08B1B77}
	EndGlobalSection
EndGlobal
